
Microsoft Visual Studio Solution File, Format Version 12.00
# Visual Studio 15
VisualStudioVersion = 15.0.27703.2047
MinimumVisualStudioVersion = 10.0.40219.1
Project("{FAE04EC0-301F-11D3-BF4B-00C04F79EFBC}") = "FindPeoplesApp", "FindPeoplesApp\FindPeoplesApp.csproj", "{53E0147F-73AE-4B02-ABFC-243742B68FAF}"
EndProject
Global
	GlobalSection(SolutionConfigurationPlatforms) = preSolution
		Debug|Any CPU = Debug|Any CPU
		Release|Any CPU = Release|Any CPU
	EndGlobalSection
	GlobalSection(ProjectConfigurationPlatforms) = postSolution
		{53E0147F-73AE-4B02-ABFC-243742B68FAF}.Debug|Any CPU.ActiveCfg = Debug|Any CPU
		{53E0147F-73AE-4B02-ABFC-243742B68FAF}.Debug|Any CPU.Build.0 = Debug|Any CPU
		{53E0147F-73AE-4B02-ABFC-243742B68FAF}.Release|Any CPU.ActiveCfg = Release|Any CPU
		{53E0147F-73AE-4B02-ABFC-243742B68FAF}.Release|Any CPU.Build.0 = Release|Any CPU
	EndGlobalSection
	GlobalSection(SolutionProperties) = preSolution
		HideSolutionNode = FALSE
	EndGlobalSection
	GlobalSection(ExtensibilityGlobals) = postSolution
		SolutionGuid = {219EBB90-1225-4CBC-943C-D5ABC7C801A6}
	EndGlobalSection
EndGlobal
